{
  "name": "example",
  "version": "1.0.0",
  "lockfileVersion": 2,
  "requires": true,
  "packages": {
    "": {
      "name": "example",
      "version": "1.0.0",
      "license": "ISC",
      "dependencies": {
        "@angrychocobo/echo": "file:.."
      }
    },
    "..": {
      "name": "@angrychocobo/echo",
      "version": "0.0.1",
      "license": "ISC"
    },
    "node_modules/@angrychocobo/echo": {
      "resolved": "..",
      "link": true
    }
  },
  "dependencies": {
    "@angrychocobo/echo": {
      "version": "file:.."
    }
  }
}
